
Microsoft Visual Studio Solution File, Format Version 12.00
Project("{FAE04EC0-301F-11D3-BF4B-00C04F79EFBC}") = "IdentitySample", "IdentitySample.csproj", "{57F4EBD6-676C-42A7-B5C2-C19C13D6D13C}"
EndProject
Global
	GlobalSection(SolutionConfigurationPlatforms) = preSolution
		Debug|Any CPU = Debug|Any CPU
		Release|Any CPU = Release|Any CPU
	EndGlobalSection
	GlobalSection(ProjectConfigurationPlatforms) = postSolution
		{57F4EBD6-676C-42A7-B5C2-C19C13D6D13C}.Debug|Any CPU.ActiveCfg = Debug|Any CPU
		{57F4EBD6-676C-42A7-B5C2-C19C13D6D13C}.Debug|Any CPU.Build.0 = Debug|Any CPU
		{57F4EBD6-676C-42A7-B5C2-C19C13D6D13C}.Release|Any CPU.ActiveCfg = Release|Any CPU
		{57F4EBD6-676C-42A7-B5C2-C19C13D6D13C}.Release|Any CPU.Build.0 = Release|Any CPU
	EndGlobalSection
EndGlobal
